schema: '2.0'
stages:
  data_ingestion:
    cmd: python src/data_ingestion.py
    deps:
    - path: src/data_ingestion.py
      hash: md5
      md5: 5039cd0ffb9c343b6749e2118d2eb8cc
      size: 3379
    params:
      params.yaml:
        data_ingestion.test_size: 0.2
    outs:
    - path: data/raw
      hash: md5
      md5: 0ca86ee720ad216224313c8a39a806e0.dir
      size: 485750
      nfiles: 2
  data_preprocessing:
    cmd: python src/data_preprocessing.py
    deps:
    - path: data/raw
      hash: md5
      md5: 0ca86ee720ad216224313c8a39a806e0.dir
      size: 485750
      nfiles: 2
    - path: src/data_preprocessing.py
      hash: md5
      md5: 0b77f4e82f94d4ba48c5896de4e975f4
      size: 3651
    outs:
    - path: data/interim
      hash: md5
      md5: 7c891e92d06fca1bc7af477bfbf741c1.dir
      size: 262707
      nfiles: 2
  feature_engineering:
    cmd: python src/feature_engineering.py
    deps:
    - path: data/interim
      hash: md5
      md5: 7c891e92d06fca1bc7af477bfbf741c1.dir
      size: 262707
      nfiles: 2
    - path: src/feature_engineering.py
      hash: md5
      md5: f93560c68f8547321b4aa80d826ddfab
      size: 3645
    params:
      params.yaml:
        feature_engineering.max_features: 150
    outs:
    - path: data/processed
      hash: md5
      md5: 5d3be5e0e41065f77d8b8dd66c5b91c7.dir
      size: 3414267
      nfiles: 2
  model_training:
    cmd: python src/model_training.py
    deps:
    - path: data/processed
      hash: md5
      md5: 5d3be5e0e41065f77d8b8dd66c5b91c7.dir
      size: 3414267
      nfiles: 2
    - path: src/model_training.py
      hash: md5
      md5: 26cfd6c3b066e6d70d1f1a276ee370ad
      size: 3733
    params:
      params.yaml:
        model_training.n_estimators: 20
        model_training.random_state: 2
    outs:
    - path: models/model2.pkl
      hash: md5
      md5: 05af929e5f0f61f8c6a125affe0fc91d
      size: 1297306
  model_evaluation:
    cmd: python src/model_evaluation.py
    deps:
    - path: models/model2.pkl
      hash: md5
      md5: 05af929e5f0f61f8c6a125affe0fc91d
      size: 1297306
    - path: src/model_evaluation.py
      hash: md5
      md5: 77df1326474d8417f514aa83fe479595
      size: 3397
    outs:
    - path: reports/metrics.json
      hash: md5
      md5: 16c6750db25c5ee0fc8c4e9e88f79677
      size: 145
