schema: '2.0'
stages:
  data_ingestion:
    cmd: python src/data_ingestion.py
    deps:
    - path: src/data_ingestion.py
      hash: md5
      md5: 5039cd0ffb9c343b6749e2118d2eb8cc
      size: 3379
    params:
      params.yaml:
        data_ingestion.test_size: 0.2
    outs:
    - path: data/raw
      hash: md5
      md5: 0ca86ee720ad216224313c8a39a806e0.dir
      size: 485750
      nfiles: 2
  data_preprocessing:
    cmd: python src/data_preprocessing.py
    deps:
    - path: data/raw
      hash: md5
      md5: 0ca86ee720ad216224313c8a39a806e0.dir
      size: 485750
      nfiles: 2
    - path: src/data_preprocessing.py
      hash: md5
      md5: 0b77f4e82f94d4ba48c5896de4e975f4
      size: 3651
    outs:
    - path: data/interim
      hash: md5
      md5: 7c891e92d06fca1bc7af477bfbf741c1.dir
      size: 262707
      nfiles: 2
  feature_engineering:
    cmd: python src/feature_engineering.py
    deps:
    - path: data/interim
      hash: md5
      md5: 7c891e92d06fca1bc7af477bfbf741c1.dir
      size: 262707
      nfiles: 2
    - path: src/feature_engineering.py
      hash: md5
      md5: f93560c68f8547321b4aa80d826ddfab
      size: 3645
    params:
      params.yaml:
        feature_engineering.max_features: 50
    outs:
    - path: data/processed
      hash: md5
      md5: 4bb4454984c4d87e443002960803bb06.dir
      size: 1184513
      nfiles: 2
  model_training:
    cmd: python src/model_training.py
    deps:
    - path: data/processed
      hash: md5
      md5: 4bb4454984c4d87e443002960803bb06.dir
      size: 1184513
      nfiles: 2
    - path: src/model_training.py
      hash: md5
      md5: 683a9d5021dbd59cf6e333b74764eda7
      size: 3833
    params:
      params.yaml:
        model_training.n_estimators: 25
        model_training.random_state: 42
    outs:
    - path: models/model2.pkl
      hash: md5
      md5: e97c8b9ef0486e8e2ed0d6d3d3f9d13b
      size: 164305
  model_evaluation:
    cmd: python src/model_evaluation.py
    deps:
    - path: models/model2.pkl
      hash: md5
      md5: e97c8b9ef0486e8e2ed0d6d3d3f9d13b
      size: 164305
    - path: src/model_evaluation.py
      hash: md5
      md5: 4d815cea3a04c6b250ce488a0fd9dd4f
      size: 4291
    outs:
    - path: reports/metrics.json
      hash: md5
      md5: 52c2167c55efd7825eb20b533c35929b
      size: 101
